
Microsoft Visual Studio Solution File, Format Version 12.00
Project("{FAE04EC0-301F-11D3-BF4B-00C04F79EFBC}") = "AdventOfCode2023", "AdventOfCode2023\AdventOfCode2023.csproj", "{90E8816C-5D61-4DEB-AEF2-7DD7DC72C201}"
EndProject
Project("{FAE04EC0-301F-11D3-BF4B-00C04F79EFBC}") = "AdventOfCode2023.Test", "AdventOfCode2023.Test\AdventOfCode2023.Test.csproj", "{2A562A8D-B825-414C-9D61-84D7FEA5DEFD}"
EndProject
Project("{FAE04EC0-301F-11D3-BF4B-00C04F79EFBC}") = "AdventOfCodeDailyTestSetup", "AdventOfCodeDailyTestSetup\AdventOfCodeDailyTestSetup.csproj", "{F03AD473-B7E3-44B0-8D63-53BF2A7FB425}"
EndProject
Global
	GlobalSection(SolutionConfigurationPlatforms) = preSolution
		Debug|Any CPU = Debug|Any CPU
		Release|Any CPU = Release|Any CPU
	EndGlobalSection
	GlobalSection(ProjectConfigurationPlatforms) = postSolution
		{90E8816C-5D61-4DEB-AEF2-7DD7DC72C201}.Debug|Any CPU.ActiveCfg = Debug|Any CPU
		{90E8816C-5D61-4DEB-AEF2-7DD7DC72C201}.Debug|Any CPU.Build.0 = Debug|Any CPU
		{90E8816C-5D61-4DEB-AEF2-7DD7DC72C201}.Release|Any CPU.ActiveCfg = Release|Any CPU
		{90E8816C-5D61-4DEB-AEF2-7DD7DC72C201}.Release|Any CPU.Build.0 = Release|Any CPU
		{2A562A8D-B825-414C-9D61-84D7FEA5DEFD}.Debug|Any CPU.ActiveCfg = Debug|Any CPU
		{2A562A8D-B825-414C-9D61-84D7FEA5DEFD}.Debug|Any CPU.Build.0 = Debug|Any CPU
		{2A562A8D-B825-414C-9D61-84D7FEA5DEFD}.Release|Any CPU.ActiveCfg = Release|Any CPU
		{2A562A8D-B825-414C-9D61-84D7FEA5DEFD}.Release|Any CPU.Build.0 = Release|Any CPU
		{F03AD473-B7E3-44B0-8D63-53BF2A7FB425}.Debug|Any CPU.ActiveCfg = Debug|Any CPU
		{F03AD473-B7E3-44B0-8D63-53BF2A7FB425}.Debug|Any CPU.Build.0 = Debug|Any CPU
		{F03AD473-B7E3-44B0-8D63-53BF2A7FB425}.Release|Any CPU.ActiveCfg = Release|Any CPU
		{F03AD473-B7E3-44B0-8D63-53BF2A7FB425}.Release|Any CPU.Build.0 = Release|Any CPU
	EndGlobalSection
EndGlobal
